
Microsoft Visual Studio Solution File, Format Version 12.00
# Visual Studio 15
VisualStudioVersion = 15.0.28307.572
MinimumVisualStudioVersion = 10.0.40219.1
Project("{8BC9CEB8-8B4A-11D0-8D11-00A0C91BC942}") = "TrueSightGraphics", "TrueSightGraphics\TrueSightGraphics.vcxproj", "{668F9DD1-1505-424D-9B4B-978DB4193730}"
EndProject
Global
	GlobalSection(SolutionConfigurationPlatforms) = preSolution
		Debug|x64 = Debug|x64
		Debug|x86 = Debug|x86
		Release|x64 = Release|x64
		Release|x86 = Release|x86
	EndGlobalSection
	GlobalSection(ProjectConfigurationPlatforms) = postSolution
		{668F9DD1-1505-424D-9B4B-978DB4193730}.Debug|x64.ActiveCfg = Debug|x64
		{668F9DD1-1505-424D-9B4B-978DB4193730}.Debug|x64.Build.0 = Debug|x64
		{668F9DD1-1505-424D-9B4B-978DB4193730}.Debug|x86.ActiveCfg = Debug|Win32
		{668F9DD1-1505-424D-9B4B-978DB4193730}.Debug|x86.Build.0 = Debug|Win32
		{668F9DD1-1505-424D-9B4B-978DB4193730}.Release|x64.ActiveCfg = Release|x64
		{668F9DD1-1505-424D-9B4B-978DB4193730}.Release|x64.Build.0 = Release|x64
		{668F9DD1-1505-424D-9B4B-978DB4193730}.Release|x86.ActiveCfg = Release|Win32
		{668F9DD1-1505-424D-9B4B-978DB4193730}.Release|x86.Build.0 = Release|Win32
	EndGlobalSection
	GlobalSection(SolutionProperties) = preSolution
		HideSolutionNode = FALSE
	EndGlobalSection
	GlobalSection(ExtensibilityGlobals) = postSolution
		SolutionGuid = {ABB5CFC8-F475-44A3-A770-8E55CAF6BD38}
	EndGlobalSection
EndGlobal
