<?xml version="1.0" encoding="utf-8"?>
<Project ToolsVersion="15.0" xmlns="http://schemas.microsoft.com/developer/msbuild/2003">
  <ItemGroup>
    <CustomBuild Include="Y:\SFML-build\CMakeFiles\6b4a9a6d6c9f0ab5c7195c4ca928f19b\INSTALL_force.rule">
      <Filter>CMake Rules</Filter>
    </CustomBuild>
  </ItemGroup>
  <ItemGroup>
    <Filter Include="CMake Rules">
      <UniqueIdentifier>{AC71CD73-005A-34AB-A88A-80F6E9E9B28A}</UniqueIdentifier>
    </Filter>
  </ItemGroup>
</Project>
